// !$*UTF8*$!
{
	archiveVersion = 1;
	classes = {
	};
	objectVersion = 52;
	objects = {

/* Begin PBXBuildFile section */
		B31DA4AE264BB887002F0570 /* AddExpenseItemTableViewController.swift in Sources */ = {isa = PBXBuildFile; fileRef = B31DA4AD264BB887002F0570 /* AddExpenseItemTableViewController.swift */; };
		B3350717264E36090066CBDA /* Charts in Frameworks */ = {isa = PBXBuildFile; productRef = B3350716264E36090066CBDA /* Charts */; };
		B335071C264E44950066CBDA /* ReportsTableViewController.swift in Sources */ = {isa = PBXBuildFile; fileRef = B335071B264E44950066CBDA /* ReportsTableViewController.swift */; };
		B335071E264E44BB0066CBDA /* ReportsTableViewCell.swift in Sources */ = {isa = PBXBuildFile; fileRef = B335071D264E44BB0066CBDA /* ReportsTableViewCell.swift */; };
		B3350723264E6E2D0066CBDA /* GoogleService-Info.plist in Resources */ = {isa = PBXBuildFile; fileRef = B3350722264E6E2C0066CBDA /* GoogleService-Info.plist */; };
		B3A2133E263F995500EC0C07 /* AppDelegate.swift in Sources */ = {isa = PBXBuildFile; fileRef = B3A2133D263F995500EC0C07 /* AppDelegate.swift */; };
		B3A21340263F995500EC0C07 /* SceneDelegate.swift in Sources */ = {isa = PBXBuildFile; fileRef = B3A2133F263F995500EC0C07 /* SceneDelegate.swift */; };
		B3A21345263F995500EC0C07 /* Main.storyboard in Resources */ = {isa = PBXBuildFile; fileRef = B3A21343263F995500EC0C07 /* Main.storyboard */; };
		B3A21347263F995600EC0C07 /* Assets.xcassets in Resources */ = {isa = PBXBuildFile; fileRef = B3A21346263F995600EC0C07 /* Assets.xcassets */; };
		B3A2134A263F995600EC0C07 /* LaunchScreen.storyboard in Resources */ = {isa = PBXBuildFile; fileRef = B3A21348263F995600EC0C07 /* LaunchScreen.storyboard */; };
		B3A21352263F997000EC0C07 /* MainViewController.swift in Sources */ = {isa = PBXBuildFile; fileRef = B3A21351263F997000EC0C07 /* MainViewController.swift */; };
		B3A21354263FA99700EC0C07 /* ExpenseItemTableViewCell.swift in Sources */ = {isa = PBXBuildFile; fileRef = B3A21353263FA99700EC0C07 /* ExpenseItemTableViewCell.swift */; };
		B3A2136D263FDE5700EC0C07 /* Enums.swift in Sources */ = {isa = PBXBuildFile; fileRef = B3A2136C263FDE5700EC0C07 /* Enums.swift */; };
		B3A2136F263FE1D400EC0C07 /* Expense.swift in Sources */ = {isa = PBXBuildFile; fileRef = B3A2136E263FE1D400EC0C07 /* Expense.swift */; };
		B3A2137A26423CC600EC0C07 /* ReceiptPhotoViewController.swift in Sources */ = {isa = PBXBuildFile; fileRef = B3A2137926423CC600EC0C07 /* ReceiptPhotoViewController.swift */; };
		B3A213862642CA3500EC0C07 /* AccountTableViewController.swift in Sources */ = {isa = PBXBuildFile; fileRef = B3A213852642CA3500EC0C07 /* AccountTableViewController.swift */; };
		B3A213882642CA5800EC0C07 /* CategoryCollectionViewController.swift in Sources */ = {isa = PBXBuildFile; fileRef = B3A213872642CA5800EC0C07 /* CategoryCollectionViewController.swift */; };
		B3A2138A2642CAA000EC0C07 /* AccountDetailTableViewCell.swift in Sources */ = {isa = PBXBuildFile; fileRef = B3A213892642CAA000EC0C07 /* AccountDetailTableViewCell.swift */; };
		B3A2138C2642CB1100EC0C07 /* CategoryDetailCollectionViewCell.swift in Sources */ = {isa = PBXBuildFile; fileRef = B3A2138B2642CB1100EC0C07 /* CategoryDetailCollectionViewCell.swift */; };
		B3D701702664895B00393FA5 /* SpendingTracker.xcdatamodeld in Sources */ = {isa = PBXBuildFile; fileRef = B3D7016E2664895B00393FA5 /* SpendingTracker.xcdatamodeld */; };
		B3F7FE7226465CF600BC0273 /* NumberKeyboardReturn.swift in Sources */ = {isa = PBXBuildFile; fileRef = B3F7FE7126465CF600BC0273 /* NumberKeyboardReturn.swift */; };
/* End PBXBuildFile section */

/* Begin PBXFileReference section */
		B31DA4AD264BB887002F0570 /* AddExpenseItemTableViewController.swift */ = {isa = PBXFileReference; lastKnownFileType = sourcecode.swift; path = AddExpenseItemTableViewController.swift; sourceTree = "<group>"; };
		B335071B264E44950066CBDA /* ReportsTableViewController.swift */ = {isa = PBXFileReference; lastKnownFileType = sourcecode.swift; path = ReportsTableViewController.swift; sourceTree = "<group>"; };
		B335071D264E44BB0066CBDA /* ReportsTableViewCell.swift */ = {isa = PBXFileReference; lastKnownFileType = sourcecode.swift; path = ReportsTableViewCell.swift; sourceTree = "<group>"; };
		B3350722264E6E2C0066CBDA /* GoogleService-Info.plist */ = {isa = PBXFileReference; fileEncoding = 4; lastKnownFileType = text.plist.xml; path = "GoogleService-Info.plist"; sourceTree = "<group>"; };
		B3A2133A263F995500EC0C07 /* spendingTracker.app */ = {isa = PBXFileReference; explicitFileType = wrapper.application; includeInIndex = 0; path = spendingTracker.app; sourceTree = BUILT_PRODUCTS_DIR; };
		B3A2133D263F995500EC0C07 /* AppDelegate.swift */ = {isa = PBXFileReference; lastKnownFileType = sourcecode.swift; path = AppDelegate.swift; sourceTree = "<group>"; };
		B3A2133F263F995500EC0C07 /* SceneDelegate.swift */ = {isa = PBXFileReference; lastKnownFileType = sourcecode.swift; path = SceneDelegate.swift; sourceTree = "<group>"; };
		B3A21344263F995500EC0C07 /* Base */ = {isa = PBXFileReference; lastKnownFileType = file.storyboard; name = Base; path = Base.lproj/Main.storyboard; sourceTree = "<group>"; };
		B3A21346263F995600EC0C07 /* Assets.xcassets */ = {isa = PBXFileReference; lastKnownFileType = folder.assetcatalog; path = Assets.xcassets; sourceTree = "<group>"; };
		B3A21349263F995600EC0C07 /* Base */ = {isa = PBXFileReference; lastKnownFileType = file.storyboard; name = Base; path = Base.lproj/LaunchScreen.storyboard; sourceTree = "<group>"; };
		B3A2134B263F995600EC0C07 /* Info.plist */ = {isa = PBXFileReference; lastKnownFileType = text.plist.xml; path = Info.plist; sourceTree = "<group>"; };
		B3A21351263F997000EC0C07 /* MainViewController.swift */ = {isa = PBXFileReference; lastKnownFileType = sourcecode.swift; path = MainViewController.swift; sourceTree = "<group>"; };
		B3A21353263FA99700EC0C07 /* ExpenseItemTableViewCell.swift */ = {isa = PBXFileReference; lastKnownFileType = sourcecode.swift; path = ExpenseItemTableViewCell.swift; sourceTree = "<group>"; };
		B3A2136C263FDE5700EC0C07 /* Enums.swift */ = {isa = PBXFileReference; lastKnownFileType = sourcecode.swift; path = Enums.swift; sourceTree = "<group>"; };
		B3A2136E263FE1D400EC0C07 /* Expense.swift */ = {isa = PBXFileReference; lastKnownFileType = sourcecode.swift; path = Expense.swift; sourceTree = "<group>"; };
		B3A2137926423CC600EC0C07 /* ReceiptPhotoViewController.swift */ = {isa = PBXFileReference; lastKnownFileType = sourcecode.swift; path = ReceiptPhotoViewController.swift; sourceTree = "<group>"; };
		B3A213852642CA3500EC0C07 /* AccountTableViewController.swift */ = {isa = PBXFileReference; lastKnownFileType = sourcecode.swift; path = AccountTableViewController.swift; sourceTree = "<group>"; };
		B3A213872642CA5800EC0C07 /* CategoryCollectionViewController.swift */ = {isa = PBXFileReference; lastKnownFileType = sourcecode.swift; path = CategoryCollectionViewController.swift; sourceTree = "<group>"; };
		B3A213892642CAA000EC0C07 /* AccountDetailTableViewCell.swift */ = {isa = PBXFileReference; lastKnownFileType = sourcecode.swift; path = AccountDetailTableViewCell.swift; sourceTree = "<group>"; };
		B3A2138B2642CB1100EC0C07 /* CategoryDetailCollectionViewCell.swift */ = {isa = PBXFileReference; lastKnownFileType = sourcecode.swift; path = CategoryDetailCollectionViewCell.swift; sourceTree = "<group>"; };
		B3D7016F2664895B00393FA5 /* SpendingTracker.xcdatamodel */ = {isa = PBXFileReference; lastKnownFileType = wrapper.xcdatamodel; path = SpendingTracker.xcdatamodel; sourceTree = "<group>"; };
		B3F7FE7126465CF600BC0273 /* NumberKeyboardReturn.swift */ = {isa = PBXFileReference; lastKnownFileType = sourcecode.swift; path = NumberKeyboardReturn.swift; sourceTree = "<group>"; };
/* End PBXFileReference section */

/* Begin PBXFrameworksBuildPhase section */
		B3A21337263F995500EC0C07 /* Frameworks */ = {
			isa = PBXFrameworksBuildPhase;
			buildActionMask = 2147483647;
			files = (
				B3350717264E36090066CBDA /* Charts in Frameworks */,
			);
			runOnlyForDeploymentPostprocessing = 0;
		};
/* End PBXFrameworksBuildPhase section */

/* Begin PBXGroup section */
		B3A21331263F995500EC0C07 = {
			isa = PBXGroup;
			children = (
				B3A2133C263F995500EC0C07 /* spendingTracker */,
				B3A2133B263F995500EC0C07 /* Products */,
			);
			sourceTree = "<group>";
		};
		B3A2133B263F995500EC0C07 /* Products */ = {
			isa = PBXGroup;
			children = (
				B3A2133A263F995500EC0C07 /* spendingTracker.app */,
			);
			name = Products;
			sourceTree = "<group>";
		};
		B3A2133C263F995500EC0C07 /* spendingTracker */ = {
			isa = PBXGroup;
			children = (
				B3A2133F263F995500EC0C07 /* SceneDelegate.swift */,
				B3A2133D263F995500EC0C07 /* AppDelegate.swift */,
				B3A2136B263FD49500EC0C07 /* Model */,
				B3A21358263FC32300EC0C07 /* View */,
				B3A21357263FC30E00EC0C07 /* View Controller */,
				B3A21343263F995500EC0C07 /* Main.storyboard */,
				B3A21346263F995600EC0C07 /* Assets.xcassets */,
				B3A21348263F995600EC0C07 /* LaunchScreen.storyboard */,
				B3A2134B263F995600EC0C07 /* Info.plist */,
				B3350722264E6E2C0066CBDA /* GoogleService-Info.plist */,
				B3F7FE7126465CF600BC0273 /* NumberKeyboardReturn.swift */,
				B3D7016E2664895B00393FA5 /* SpendingTracker.xcdatamodeld */,
			);
			path = spendingTracker;
			sourceTree = "<group>";
		};
		B3A21357263FC30E00EC0C07 /* View Controller */ = {
			isa = PBXGroup;
			children = (
				B3A21351263F997000EC0C07 /* MainViewController.swift */,
				B31DA4AD264BB887002F0570 /* AddExpenseItemTableViewController.swift */,
				B3A2137926423CC600EC0C07 /* ReceiptPhotoViewController.swift */,
				B3A213852642CA3500EC0C07 /* AccountTableViewController.swift */,
				B3A213872642CA5800EC0C07 /* CategoryCollectionViewController.swift */,
				B335071B264E44950066CBDA /* ReportsTableViewController.swift */,
			);
			path = "View Controller";
			sourceTree = "<group>";
		};
		B3A21358263FC32300EC0C07 /* View */ = {
			isa = PBXGroup;
			children = (
				B3A21353263FA99700EC0C07 /* ExpenseItemTableViewCell.swift */,
				B3A213892642CAA000EC0C07 /* AccountDetailTableViewCell.swift */,
				B3A2138B2642CB1100EC0C07 /* CategoryDetailCollectionViewCell.swift */,
				B335071D264E44BB0066CBDA /* ReportsTableViewCell.swift */,
			);
			path = View;
			sourceTree = "<group>";
		};
		B3A2136B263FD49500EC0C07 /* Model */ = {
			isa = PBXGroup;
			children = (
				B3A2136E263FE1D400EC0C07 /* Expense.swift */,
				B3A2136C263FDE5700EC0C07 /* Enums.swift */,
			);
			path = Model;
			sourceTree = "<group>";
		};
/* End PBXGroup section */

/* Begin PBXNativeTarget section */
		B3A21339263F995500EC0C07 /* spendingTracker */ = {
			isa = PBXNativeTarget;
			buildConfigurationList = B3A2134E263F995600EC0C07 /* Build configuration list for PBXNativeTarget "spendingTracker" */;
			buildPhases = (
				B3A21336263F995500EC0C07 /* Sources */,
				B3A21337263F995500EC0C07 /* Frameworks */,
				B3A21338263F995500EC0C07 /* Resources */,
			);
			buildRules = (
			);
			dependencies = (
			);
			name = spendingTracker;
			packageProductDependencies = (
				B3350716264E36090066CBDA /* Charts */,
			);
			productName = spendingTracker;
			productReference = B3A2133A263F995500EC0C07 /* spendingTracker.app */;
			productType = "com.apple.product-type.application";
		};
/* End PBXNativeTarget section */

/* Begin PBXProject section */
		B3A21332263F995500EC0C07 /* Project object */ = {
			isa = PBXProject;
			attributes = {
				LastSwiftUpdateCheck = 1250;
				LastUpgradeCheck = 1250;
				TargetAttributes = {
					B3A21339263F995500EC0C07 = {
						CreatedOnToolsVersion = 12.5;
					};
				};
			};
			buildConfigurationList = B3A21335263F995500EC0C07 /* Build configuration list for PBXProject "spendingTracker" */;
			compatibilityVersion = "Xcode 9.3";
			developmentRegion = en;
			hasScannedForEncodings = 0;
			knownRegions = (
				en,
				Base,
			);
			mainGroup = B3A21331263F995500EC0C07;
			packageReferences = (
				B3350715264E36090066CBDA /* XCRemoteSwiftPackageReference "Charts" */,
			);
			productRefGroup = B3A2133B263F995500EC0C07 /* Products */;
			projectDirPath = "";
			projectRoot = "";
			targets = (
				B3A21339263F995500EC0C07 /* spendingTracker */,
			);
		};
/* End PBXProject section */

/* Begin PBXResourcesBuildPhase section */
		B3A21338263F995500EC0C07 /* Resources */ = {
			isa = PBXResourcesBuildPhase;
			buildActionMask = 2147483647;
			files = (
				B3A2134A263F995600EC0C07 /* LaunchScreen.storyboard in Resources */,
				B3350723264E6E2D0066CBDA /* GoogleService-Info.plist in Resources */,
				B3A21347263F995600EC0C07 /* Assets.xcassets in Resources */,
				B3A21345263F995500EC0C07 /* Main.storyboard in Resources */,
			);
			runOnlyForDeploymentPostprocessing = 0;
		};
/* End PBXResourcesBuildPhase section */

/* Begin PBXSourcesBuildPhase section */
		B3A21336263F995500EC0C07 /* Sources */ = {
			isa = PBXSourcesBuildPhase;
			buildActionMask = 2147483647;
			files = (
				B3A2136F263FE1D400EC0C07 /* Expense.swift in Sources */,
				B3A2138C2642CB1100EC0C07 /* CategoryDetailCollectionViewCell.swift in Sources */,
				B335071E264E44BB0066CBDA /* ReportsTableViewCell.swift in Sources */,
				B3A21354263FA99700EC0C07 /* ExpenseItemTableViewCell.swift in Sources */,
				B3A21352263F997000EC0C07 /* MainViewController.swift in Sources */,
				B3A213882642CA5800EC0C07 /* CategoryCollectionViewController.swift in Sources */,
				B3A2136D263FDE5700EC0C07 /* Enums.swift in Sources */,
				B3A2138A2642CAA000EC0C07 /* AccountDetailTableViewCell.swift in Sources */,
				B3D701702664895B00393FA5 /* SpendingTracker.xcdatamodeld in Sources */,
				B3A2133E263F995500EC0C07 /* AppDelegate.swift in Sources */,
				B335071C264E44950066CBDA /* ReportsTableViewController.swift in Sources */,
				B3A2137A26423CC600EC0C07 /* ReceiptPhotoViewController.swift in Sources */,
				B3A213862642CA3500EC0C07 /* AccountTableViewController.swift in Sources */,
				B31DA4AE264BB887002F0570 /* AddExpenseItemTableViewController.swift in Sources */,
				B3F7FE7226465CF600BC0273 /* NumberKeyboardReturn.swift in Sources */,
				B3A21340263F995500EC0C07 /* SceneDelegate.swift in Sources */,
			);
			runOnlyForDeploymentPostprocessing = 0;
		};
/* End PBXSourcesBuildPhase section */

/* Begin PBXVariantGroup section */
		B3A21343263F995500EC0C07 /* Main.storyboard */ = {
			isa = PBXVariantGroup;
			children = (
				B3A21344263F995500EC0C07 /* Base */,
			);
			name = Main.storyboard;
			sourceTree = "<group>";
		};
		B3A21348263F995600EC0C07 /* LaunchScreen.storyboard */ = {
			isa = PBXVariantGroup;
			children = (
				B3A21349263F995600EC0C07 /* Base */,
			);
			name = LaunchScreen.storyboard;
			sourceTree = "<group>";
		};
/* End PBXVariantGroup section */

/* Begin XCBuildConfiguration section */
		B3A2134C263F995600EC0C07 /* Debug */ = {
			isa = XCBuildConfiguration;
			buildSettings = {
				ALWAYS_SEARCH_USER_PATHS = NO;
				CLANG_ANALYZER_NONNULL = YES;
				CLANG_ANALYZER_NUMBER_OBJECT_CONVERSION = YES_AGGRESSIVE;
				CLANG_CXX_LANGUAGE_STANDARD = "gnu++14";
				CLANG_CXX_LIBRARY = "libc++";
				CLANG_ENABLE_MODULES = YES;
				CLANG_ENABLE_OBJC_ARC = YES;
				CLANG_ENABLE_OBJC_WEAK = YES;
				CLANG_WARN_BLOCK_CAPTURE_AUTORELEASING = YES;
				CLANG_WARN_BOOL_CONVERSION = YES;
				CLANG_WARN_COMMA = YES;
				CLANG_WARN_CONSTANT_CONVERSION = YES;
				CLANG_WARN_DEPRECATED_OBJC_IMPLEMENTATIONS = YES;
				CLANG_WARN_DIRECT_OBJC_ISA_USAGE = YES_ERROR;
				CLANG_WARN_DOCUMENTATION_COMMENTS = YES;
				CLANG_WARN_EMPTY_BODY = YES;
				CLANG_WARN_ENUM_CONVERSION = YES;
				CLANG_WARN_INFINITE_RECURSION = YES;
				CLANG_WARN_INT_CONVERSION = YES;
				CLANG_WARN_NON_LITERAL_NULL_CONVERSION = YES;
				CLANG_WARN_OBJC_IMPLICIT_RETAIN_SELF = YES;
				CLANG_WARN_OBJC_LITERAL_CONVERSION = YES;
				CLANG_WARN_OBJC_ROOT_CLASS = YES_ERROR;
				CLANG_WARN_QUOTED_INCLUDE_IN_FRAMEWORK_HEADER = YES;
				CLANG_WARN_RANGE_LOOP_ANALYSIS = YES;
				CLANG_WARN_STRICT_PROTOTYPES = YES;
				CLANG_WARN_SUSPICIOUS_MOVE = YES;
				CLANG_WARN_UNGUARDED_AVAILABILITY = YES_AGGRESSIVE;
				CLANG_WARN_UNREACHABLE_CODE = YES;
				CLANG_WARN__DUPLICATE_METHOD_MATCH = YES;
				COPY_PHASE_STRIP = NO;
				DEBUG_INFORMATION_FORMAT = dwarf;
				ENABLE_STRICT_OBJC_MSGSEND = YES;
				ENABLE_TESTABILITY = YES;
				GCC_C_LANGUAGE_STANDARD = gnu11;
				GCC_DYNAMIC_NO_PIC = NO;
				GCC_NO_COMMON_BLOCKS = YES;
				GCC_OPTIMIZATION_LEVEL = 0;
				GCC_PREPROCESSOR_DEFINITIONS = (
					"DEBUG=1",
					"$(inherited)",
				);
				GCC_WARN_64_TO_32_BIT_CONVERSION = YES;
				GCC_WARN_ABOUT_RETURN_TYPE = YES_ERROR;
				GCC_WARN_UNDECLARED_SELECTOR = YES;
				GCC_WARN_UNINITIALIZED_AUTOS = YES_AGGRESSIVE;
				GCC_WARN_UNUSED_FUNCTION = YES;
				GCC_WARN_UNUSED_VARIABLE = YES;
				IPHONEOS_DEPLOYMENT_TARGET = 14.5;
				MTL_ENABLE_DEBUG_INFO = INCLUDE_SOURCE;
				MTL_FAST_MATH = YES;
				ONLY_ACTIVE_ARCH = YES;
				SDKROOT = iphoneos;
				SWIFT_ACTIVE_COMPILATION_CONDITIONS = DEBUG;
				SWIFT_OPTIMIZATION_LEVEL = "-Onone";
			};
			name = Debug;
		};
		B3A2134D263F995600EC0C07 /* Release */ = {
			isa = XCBuildConfiguration;
			buildSettings = {
				ALWAYS_SEARCH_USER_PATHS = NO;
				CLANG_ANALYZER_NONNULL = YES;
				CLANG_ANALYZER_NUMBER_OBJECT_CONVERSION = YES_AGGRESSIVE;
				CLANG_CXX_LANGUAGE_STANDARD = "gnu++14";
				CLANG_CXX_LIBRARY = "libc++";
				CLANG_ENABLE_MODULES = YES;
				CLANG_ENABLE_OBJC_ARC = YES;
				CLANG_ENABLE_OBJC_WEAK = YES;
				CLANG_WARN_BLOCK_CAPTURE_AUTORELEASING = YES;
				CLANG_WARN_BOOL_CONVERSION = YES;
				CLANG_WARN_COMMA = YES;
				CLANG_WARN_CONSTANT_CONVERSION = YES;
				CLANG_WARN_DEPRECATED_OBJC_IMPLEMENTATIONS = YES;
				CLANG_WARN_DIRECT_OBJC_ISA_USAGE = YES_ERROR;
				CLANG_WARN_DOCUMENTATION_COMMENTS = YES;
				CLANG_WARN_EMPTY_BODY = YES;
				CLANG_WARN_ENUM_CONVERSION = YES;
				CLANG_WARN_INFINITE_RECURSION = YES;
				CLANG_WARN_INT_CONVERSION = YES;
				CLANG_WARN_NON_LITERAL_NULL_CONVERSION = YES;
				CLANG_WARN_OBJC_IMPLICIT_RETAIN_SELF = YES;
				CLANG_WARN_OBJC_LITERAL_CONVERSION = YES;
				CLANG_WARN_OBJC_ROOT_CLASS = YES_ERROR;
				CLANG_WARN_QUOTED_INCLUDE_IN_FRAMEWORK_HEADER = YES;
				CLANG_WARN_RANGE_LOOP_ANALYSIS = YES;
				CLANG_WARN_STRICT_PROTOTYPES = YES;
				CLANG_WARN_SUSPICIOUS_MOVE = YES;
				CLANG_WARN_UNGUARDED_AVAILABILITY = YES_AGGRESSIVE;
				CLANG_WARN_UNREACHABLE_CODE = YES;
				CLANG_WARN__DUPLICATE_METHOD_MATCH = YES;
				COPY_PHASE_STRIP = NO;
				DEBUG_INFORMATION_FORMAT = "dwarf-with-dsym";
				ENABLE_NS_ASSERTIONS = NO;
				ENABLE_STRICT_OBJC_MSGSEND = YES;
				GCC_C_LANGUAGE_STANDARD = gnu11;
				GCC_NO_COMMON_BLOCKS = YES;
				GCC_WARN_64_TO_32_BIT_CONVERSION = YES;
				GCC_WARN_ABOUT_RETURN_TYPE = YES_ERROR;
				GCC_WARN_UNDECLARED_SELECTOR = YES;
				GCC_WARN_UNINITIALIZED_AUTOS = YES_AGGRESSIVE;
				GCC_WARN_UNUSED_FUNCTION = YES;
				GCC_WARN_UNUSED_VARIABLE = YES;
				IPHONEOS_DEPLOYMENT_TARGET = 14.5;
				MTL_ENABLE_DEBUG_INFO = NO;
				MTL_FAST_MATH = YES;
				SDKROOT = iphoneos;
				SWIFT_COMPILATION_MODE = wholemodule;
				SWIFT_OPTIMIZATION_LEVEL = "-O";
				VALIDATE_PRODUCT = YES;
			};
			name = Release;
		};
		B3A2134F263F995600EC0C07 /* Debug */ = {
			isa = XCBuildConfiguration;
			buildSettings = {
				ASSETCATALOG_COMPILER_APPICON_NAME = AppIcon;
				ASSETCATALOG_COMPILER_GLOBAL_ACCENT_COLOR_NAME = AccentColor;
				CODE_SIGN_STYLE = Automatic;
				DEVELOPMENT_TEAM = 85F68T3ZQS;
				INFOPLIST_FILE = spendingTracker/Info.plist;
				LD_RUNPATH_SEARCH_PATHS = (
					"$(inherited)",
					"@executable_path/Frameworks",
				);
				PRODUCT_BUNDLE_IDENTIFIER = BT.spendingTracker;
				PRODUCT_NAME = "$(TARGET_NAME)";
				SWIFT_VERSION = 5.0;
				TARGETED_DEVICE_FAMILY = "1,2";
			};
			name = Debug;
		};
		B3A21350263F995600EC0C07 /* Release */ = {
			isa = XCBuildConfiguration;
			buildSettings = {
				ASSETCATALOG_COMPILER_APPICON_NAME = AppIcon;
				ASSETCATALOG_COMPILER_GLOBAL_ACCENT_COLOR_NAME = AccentColor;
				CODE_SIGN_STYLE = Automatic;
				DEVELOPMENT_TEAM = 85F68T3ZQS;
				INFOPLIST_FILE = spendingTracker/Info.plist;
				LD_RUNPATH_SEARCH_PATHS = (
					"$(inherited)",
					"@executable_path/Frameworks",
				);
				PRODUCT_BUNDLE_IDENTIFIER = BT.spendingTracker;
				PRODUCT_NAME = "$(TARGET_NAME)";
				SWIFT_VERSION = 5.0;
				TARGETED_DEVICE_FAMILY = "1,2";
			};
			name = Release;
		};
/* End XCBuildConfiguration section */

/* Begin XCConfigurationList section */
		B3A21335263F995500EC0C07 /* Build configuration list for PBXProject "spendingTracker" */ = {
			isa = XCConfigurationList;
			buildConfigurations = (
				B3A2134C263F995600EC0C07 /* Debug */,
				B3A2134D263F995600EC0C07 /* Release */,
			);
			defaultConfigurationIsVisible = 0;
			defaultConfigurationName = Release;
		};
		B3A2134E263F995600EC0C07 /* Build configuration list for PBXNativeTarget "spendingTracker" */ = {
			isa = XCConfigurationList;
			buildConfigurations = (
				B3A2134F263F995600EC0C07 /* Debug */,
				B3A21350263F995600EC0C07 /* Release */,
			);
			defaultConfigurationIsVisible = 0;
			defaultConfigurationName = Release;
		};
/* End XCConfigurationList section */

/* Begin XCRemoteSwiftPackageReference section */
		B3350715264E36090066CBDA /* XCRemoteSwiftPackageReference "Charts" */ = {
			isa = XCRemoteSwiftPackageReference;
			repositoryURL = "https://github.com/danielgindi/Charts";
			requirement = {
				kind = upToNextMajorVersion;
				minimumVersion = 4.0.1;
			};
		};
/* End XCRemoteSwiftPackageReference section */

/* Begin XCSwiftPackageProductDependency section */
		B3350716264E36090066CBDA /* Charts */ = {
			isa = XCSwiftPackageProductDependency;
			package = B3350715264E36090066CBDA /* XCRemoteSwiftPackageReference "Charts" */;
			productName = Charts;
		};
/* End XCSwiftPackageProductDependency section */

/* Begin XCVersionGroup section */
		B3D7016E2664895B00393FA5 /* SpendingTracker.xcdatamodeld */ = {
			isa = XCVersionGroup;
			children = (
				B3D7016F2664895B00393FA5 /* SpendingTracker.xcdatamodel */,
			);
			currentVersion = B3D7016F2664895B00393FA5 /* SpendingTracker.xcdatamodel */;
			path = SpendingTracker.xcdatamodeld;
			sourceTree = "<group>";
			versionGroupType = wrapper.xcdatamodel;
		};
/* End XCVersionGroup section */
	};
	rootObject = B3A21332263F995500EC0C07 /* Project object */;
}
